
Microsoft Visual Studio Solution File, Format Version 12.00
# Visual Studio Version 17
VisualStudioVersion = 17.14.36414.22 d17.14
MinimumVisualStudioVersion = 10.0.40219.1
Project("{FAE04EC0-301F-11D3-BF4B-00C04F79EFBC}") = "ApiFileUpload", "ApiFileUpload\ApiFileUpload.csproj", "{C014A18E-94D0-49C2-8BF6-F78B62957611}"
EndProject
Global
	GlobalSection(SolutionConfigurationPlatforms) = preSolution
		Debug|Any CPU = Debug|Any CPU
		Release|Any CPU = Release|Any CPU
	EndGlobalSection
	GlobalSection(ProjectConfigurationPlatforms) = postSolution
		{C014A18E-94D0-49C2-8BF6-F78B62957611}.Debug|Any CPU.ActiveCfg = Debug|Any CPU
		{C014A18E-94D0-49C2-8BF6-F78B62957611}.Debug|Any CPU.Build.0 = Debug|Any CPU
		{C014A18E-94D0-49C2-8BF6-F78B62957611}.Release|Any CPU.ActiveCfg = Release|Any CPU
		{C014A18E-94D0-49C2-8BF6-F78B62957611}.Release|Any CPU.Build.0 = Release|Any CPU
	EndGlobalSection
	GlobalSection(SolutionProperties) = preSolution
		HideSolutionNode = FALSE
	EndGlobalSection
	GlobalSection(ExtensibilityGlobals) = postSolution
		SolutionGuid = {7F414B9C-0BBC-4A98-AB54-FA2FA85B43CE}
	EndGlobalSection
EndGlobal
